
Microsoft Visual Studio Solution File, Format Version 12.00
# Visual Studio 15
VisualStudioVersion = 15.0.28010.2048
MinimumVisualStudioVersion = 10.0.40219.1
Project("{9A19103F-16F7-4668-BE54-9A1E7A4F7556}") = "poc-specification-pattern", "poc-specification-pattern.csproj", "{3FFFDF32-0904-4A22-8A3E-99ABB84A7AA1}"
EndProject
Global
	GlobalSection(SolutionConfigurationPlatforms) = preSolution
		Debug|Any CPU = Debug|Any CPU
		Release|Any CPU = Release|Any CPU
	EndGlobalSection
	GlobalSection(ProjectConfigurationPlatforms) = postSolution
		{3FFFDF32-0904-4A22-8A3E-99ABB84A7AA1}.Debug|Any CPU.ActiveCfg = Debug|Any CPU
		{3FFFDF32-0904-4A22-8A3E-99ABB84A7AA1}.Debug|Any CPU.Build.0 = Debug|Any CPU
		{3FFFDF32-0904-4A22-8A3E-99ABB84A7AA1}.Release|Any CPU.ActiveCfg = Release|Any CPU
		{3FFFDF32-0904-4A22-8A3E-99ABB84A7AA1}.Release|Any CPU.Build.0 = Release|Any CPU
	EndGlobalSection
	GlobalSection(SolutionProperties) = preSolution
		HideSolutionNode = FALSE
	EndGlobalSection
	GlobalSection(ExtensibilityGlobals) = postSolution
		SolutionGuid = {38D5F125-FF04-4D08-BF26-EE18F6388346}
	EndGlobalSection
EndGlobal
