
Microsoft Visual Studio Solution File, Format Version 12.00
# Visual Studio 15
VisualStudioVersion = 15.0.27004.2002
MinimumVisualStudioVersion = 10.0.40219.1
Project("{2150E333-8FDC-42A3-9474-1A3956D46DE8}") = "source", "source", "{2FBD9012-2D99-43B9-B993-2B21525B24D6}"
EndProject
Project("{FAE04EC0-301F-11D3-BF4B-00C04F79EFBC}") = "Catalog.API", "Catalog.API\Catalog.API.csproj", "{290C8315-8A58-465C-90B0-5055D5D757BA}"
EndProject
Project("{E53339B2-1760-4266-BCC7-CA923CBCF16C}") = "docker-compose", "docker-compose.dcproj", "{243975AF-9CBA-4892-8C65-EED3E66D9916}"
EndProject
Project("{FAE04EC0-301F-11D3-BF4B-00C04F79EFBC}") = "Orders.API", "Orders.API\Orders.API.csproj", "{C260F53D-CE2B-4A8C-BED7-93EEAEFAFAA4}"
EndProject
Project("{2150E333-8FDC-42A3-9474-1A3956D46DE8}") = "2 - Services", "2 - Services", "{B34B3677-9AA7-4CAF-8CCF-A023B9119534}"
EndProject
Project("{2150E333-8FDC-42A3-9474-1A3956D46DE8}") = "1 - P", "1 - P", "{0E886B10-95F2-4F2C-8B21-38200122DEE8}"
EndProject
Global
	GlobalSection(SolutionConfigurationPlatforms) = preSolution
		Debug|Any CPU = Debug|Any CPU
		Release|Any CPU = Release|Any CPU
	EndGlobalSection
	GlobalSection(ProjectConfigurationPlatforms) = postSolution
		{290C8315-8A58-465C-90B0-5055D5D757BA}.Debug|Any CPU.ActiveCfg = Debug|Any CPU
		{290C8315-8A58-465C-90B0-5055D5D757BA}.Debug|Any CPU.Build.0 = Debug|Any CPU
		{290C8315-8A58-465C-90B0-5055D5D757BA}.Release|Any CPU.ActiveCfg = Release|Any CPU
		{290C8315-8A58-465C-90B0-5055D5D757BA}.Release|Any CPU.Build.0 = Release|Any CPU
		{243975AF-9CBA-4892-8C65-EED3E66D9916}.Debug|Any CPU.ActiveCfg = Debug|Any CPU
		{243975AF-9CBA-4892-8C65-EED3E66D9916}.Debug|Any CPU.Build.0 = Debug|Any CPU
		{243975AF-9CBA-4892-8C65-EED3E66D9916}.Release|Any CPU.ActiveCfg = Release|Any CPU
		{243975AF-9CBA-4892-8C65-EED3E66D9916}.Release|Any CPU.Build.0 = Release|Any CPU
		{C260F53D-CE2B-4A8C-BED7-93EEAEFAFAA4}.Debug|Any CPU.ActiveCfg = Debug|Any CPU
		{C260F53D-CE2B-4A8C-BED7-93EEAEFAFAA4}.Debug|Any CPU.Build.0 = Debug|Any CPU
		{C260F53D-CE2B-4A8C-BED7-93EEAEFAFAA4}.Release|Any CPU.ActiveCfg = Release|Any CPU
		{C260F53D-CE2B-4A8C-BED7-93EEAEFAFAA4}.Release|Any CPU.Build.0 = Release|Any CPU
	EndGlobalSection
	GlobalSection(SolutionProperties) = preSolution
		HideSolutionNode = FALSE
	EndGlobalSection
	GlobalSection(NestedProjects) = preSolution
		{290C8315-8A58-465C-90B0-5055D5D757BA} = {B34B3677-9AA7-4CAF-8CCF-A023B9119534}
		{C260F53D-CE2B-4A8C-BED7-93EEAEFAFAA4} = {B34B3677-9AA7-4CAF-8CCF-A023B9119534}
		{B34B3677-9AA7-4CAF-8CCF-A023B9119534} = {2FBD9012-2D99-43B9-B993-2B21525B24D6}
		{0E886B10-95F2-4F2C-8B21-38200122DEE8} = {2FBD9012-2D99-43B9-B993-2B21525B24D6}
	EndGlobalSection
	GlobalSection(ExtensibilityGlobals) = postSolution
		SolutionGuid = {C82ADF49-AC47-40F2-8B75-7B4DD41BDA7B}
	EndGlobalSection
EndGlobal
