
Microsoft Visual Studio Solution File, Format Version 12.00
# Visual Studio 15
VisualStudioVersion = 15.0.26730.12
MinimumVisualStudioVersion = 10.0.40219.1
Project("{2150E333-8FDC-42A3-9474-1A3956D46DE8}") = "Solution Items", "Solution Items", "{9A6EA822-A72F-431C-841C-4C67AF81F346}"
	ProjectSection(SolutionItems) = preProject
		README.md = README.md
	EndProjectSection
EndProject
Project("{2150E333-8FDC-42A3-9474-1A3956D46DE8}") = "Source", "Source", "{6A91D484-B8DE-4D28-B65C-ABBECE778648}"
EndProject
Project("{FAE04EC0-301F-11D3-BF4B-00C04F79EFBC}") = "Project.IdentityProvider.Api", "Project.IdentityProvider.Api\Project.IdentityProvider.Api.csproj", "{EF017250-99B0-4846-B5D6-821E6C07F319}"
EndProject
Global
	GlobalSection(SolutionConfigurationPlatforms) = preSolution
		Debug|Any CPU = Debug|Any CPU
		Release|Any CPU = Release|Any CPU
	EndGlobalSection
	GlobalSection(ProjectConfigurationPlatforms) = postSolution
		{EF017250-99B0-4846-B5D6-821E6C07F319}.Debug|Any CPU.ActiveCfg = Debug|Any CPU
		{EF017250-99B0-4846-B5D6-821E6C07F319}.Debug|Any CPU.Build.0 = Debug|Any CPU
		{EF017250-99B0-4846-B5D6-821E6C07F319}.Release|Any CPU.ActiveCfg = Release|Any CPU
		{EF017250-99B0-4846-B5D6-821E6C07F319}.Release|Any CPU.Build.0 = Release|Any CPU
	EndGlobalSection
	GlobalSection(SolutionProperties) = preSolution
		HideSolutionNode = FALSE
	EndGlobalSection
	GlobalSection(NestedProjects) = preSolution
		{EF017250-99B0-4846-B5D6-821E6C07F319} = {6A91D484-B8DE-4D28-B65C-ABBECE778648}
	EndGlobalSection
	GlobalSection(ExtensibilityGlobals) = postSolution
		SolutionGuid = {0A4359FB-6A23-49A7-9220-7F9B7FECC5F5}
	EndGlobalSection
EndGlobal
