
Microsoft Visual Studio Solution File, Format Version 12.00
# Visual Studio 15
VisualStudioVersion = 15.0.26730.12
MinimumVisualStudioVersion = 10.0.40219.1
Project("{2150E333-8FDC-42A3-9474-1A3956D46DE8}") = "Solution Items", "Solution Items", "{C9067600-1287-4792-AE15-236F21AA78C1}"
	ProjectSection(SolutionItems) = preProject
		CHANGELOG.md = CHANGELOG.md
		README.md = README.md
	EndProjectSection
EndProject
Project("{2150E333-8FDC-42A3-9474-1A3956D46DE8}") = "Source", "Source", "{2786BA22-50AC-41D7-A04D-17F415F9873B}"
EndProject
Project("{2150E333-8FDC-42A3-9474-1A3956D46DE8}") = "01 - Presentation", "01 - Presentation", "{9DF371EB-38D0-4593-8463-0FB2704E2B97}"
EndProject
Project("{2150E333-8FDC-42A3-9474-1A3956D46DE8}") = "02 - Services", "02 - Services", "{E90A6403-3EA7-4B1D-9EF6-388B0873EEDF}"
EndProject
Project("{9A19103F-16F7-4668-BE54-9A1E7A4F7556}") = "IdentityProvider", "IdentityProvider\IdentityProvider.csproj", "{6C4BA606-BF43-46A0-98EB-22E18A0849BE}"
EndProject
Project("{9A19103F-16F7-4668-BE54-9A1E7A4F7556}") = "ResourcesApi", "ResourcesApi\ResourcesApi.csproj", "{5C9A3D33-8A99-45E3-82FB-7CA8AA0765AB}"
EndProject
Project("{9A19103F-16F7-4668-BE54-9A1E7A4F7556}") = "MvcClient", "MvcClient\MvcClient.csproj", "{043D376F-74D7-466C-850A-9CD8DACAB42C}"
EndProject
Project("{9A19103F-16F7-4668-BE54-9A1E7A4F7556}") = "JavaScriptClient", "JavaScriptClient\JavaScriptClient.csproj", "{A5F6EA5C-64DE-4786-989B-1CA1436A45C8}"
EndProject
Global
	GlobalSection(SolutionConfigurationPlatforms) = preSolution
		Debug|Any CPU = Debug|Any CPU
		Release|Any CPU = Release|Any CPU
	EndGlobalSection
	GlobalSection(ProjectConfigurationPlatforms) = postSolution
		{6C4BA606-BF43-46A0-98EB-22E18A0849BE}.Debug|Any CPU.ActiveCfg = Debug|Any CPU
		{6C4BA606-BF43-46A0-98EB-22E18A0849BE}.Debug|Any CPU.Build.0 = Debug|Any CPU
		{6C4BA606-BF43-46A0-98EB-22E18A0849BE}.Release|Any CPU.ActiveCfg = Release|Any CPU
		{6C4BA606-BF43-46A0-98EB-22E18A0849BE}.Release|Any CPU.Build.0 = Release|Any CPU
		{5C9A3D33-8A99-45E3-82FB-7CA8AA0765AB}.Debug|Any CPU.ActiveCfg = Debug|Any CPU
		{5C9A3D33-8A99-45E3-82FB-7CA8AA0765AB}.Debug|Any CPU.Build.0 = Debug|Any CPU
		{5C9A3D33-8A99-45E3-82FB-7CA8AA0765AB}.Release|Any CPU.ActiveCfg = Release|Any CPU
		{5C9A3D33-8A99-45E3-82FB-7CA8AA0765AB}.Release|Any CPU.Build.0 = Release|Any CPU
		{043D376F-74D7-466C-850A-9CD8DACAB42C}.Debug|Any CPU.ActiveCfg = Debug|Any CPU
		{043D376F-74D7-466C-850A-9CD8DACAB42C}.Debug|Any CPU.Build.0 = Debug|Any CPU
		{043D376F-74D7-466C-850A-9CD8DACAB42C}.Release|Any CPU.ActiveCfg = Release|Any CPU
		{043D376F-74D7-466C-850A-9CD8DACAB42C}.Release|Any CPU.Build.0 = Release|Any CPU
		{A5F6EA5C-64DE-4786-989B-1CA1436A45C8}.Debug|Any CPU.ActiveCfg = Debug|Any CPU
		{A5F6EA5C-64DE-4786-989B-1CA1436A45C8}.Debug|Any CPU.Build.0 = Debug|Any CPU
		{A5F6EA5C-64DE-4786-989B-1CA1436A45C8}.Release|Any CPU.ActiveCfg = Release|Any CPU
		{A5F6EA5C-64DE-4786-989B-1CA1436A45C8}.Release|Any CPU.Build.0 = Release|Any CPU
	EndGlobalSection
	GlobalSection(SolutionProperties) = preSolution
		HideSolutionNode = FALSE
	EndGlobalSection
	GlobalSection(NestedProjects) = preSolution
		{9DF371EB-38D0-4593-8463-0FB2704E2B97} = {2786BA22-50AC-41D7-A04D-17F415F9873B}
		{E90A6403-3EA7-4B1D-9EF6-388B0873EEDF} = {2786BA22-50AC-41D7-A04D-17F415F9873B}
		{6C4BA606-BF43-46A0-98EB-22E18A0849BE} = {E90A6403-3EA7-4B1D-9EF6-388B0873EEDF}
		{5C9A3D33-8A99-45E3-82FB-7CA8AA0765AB} = {E90A6403-3EA7-4B1D-9EF6-388B0873EEDF}
		{043D376F-74D7-466C-850A-9CD8DACAB42C} = {9DF371EB-38D0-4593-8463-0FB2704E2B97}
		{A5F6EA5C-64DE-4786-989B-1CA1436A45C8} = {9DF371EB-38D0-4593-8463-0FB2704E2B97}
	EndGlobalSection
	GlobalSection(ExtensibilityGlobals) = postSolution
		SolutionGuid = {176B855E-0BD2-4B8B-AB40-567BF052F27F}
	EndGlobalSection
EndGlobal
